// !$*UTF8*$!
{
	archiveVersion = 1;
	classes = {
	};
	objectVersion = 56;
	objects = {

/* Begin PBXBuildFile section */
		4569BDB52A10DA3A00D77A26 /* AppDelegate.swift in Sources */ = {isa = PBXBuildFile; fileRef = 4569BDB42A10DA3A00D77A26 /* AppDelegate.swift */; };
		4569BDB72A10DA3A00D77A26 /* SceneDelegate.swift in Sources */ = {isa = PBXBuildFile; fileRef = 4569BDB62A10DA3A00D77A26 /* SceneDelegate.swift */; };
		4569BDB92A10DA3A00D77A26 /* RMTabViewController.swift in Sources */ = {isa = PBXBuildFile; fileRef = 4569BDB82A10DA3A00D77A26 /* RMTabViewController.swift */; };
		4569BDBE2A10DA3B00D77A26 /* Assets.xcassets in Resources */ = {isa = PBXBuildFile; fileRef = 4569BDBD2A10DA3B00D77A26 /* Assets.xcassets */; };
		4569BDC12A10DA3B00D77A26 /* LaunchScreen.storyboard in Resources */ = {isa = PBXBuildFile; fileRef = 4569BDBF2A10DA3B00D77A26 /* LaunchScreen.storyboard */; };
		4569BDD02A10DC6800D77A26 /* RMLocation.swift in Sources */ = {isa = PBXBuildFile; fileRef = 4569BDCF2A10DC6800D77A26 /* RMLocation.swift */; };
		4569BDD22A10DC7400D77A26 /* RMCharacter.swift in Sources */ = {isa = PBXBuildFile; fileRef = 4569BDD12A10DC7400D77A26 /* RMCharacter.swift */; };
		4569BDD42A10DC7C00D77A26 /* RMEpisode.swift in Sources */ = {isa = PBXBuildFile; fileRef = 4569BDD32A10DC7C00D77A26 /* RMEpisode.swift */; };
		4569BDD72A10DD4200D77A26 /* RMCharacterViewController.swift in Sources */ = {isa = PBXBuildFile; fileRef = 4569BDD62A10DD4200D77A26 /* RMCharacterViewController.swift */; };
		4569BDD92A10DD5100D77A26 /* RMLocationViewController.swift in Sources */ = {isa = PBXBuildFile; fileRef = 4569BDD82A10DD5100D77A26 /* RMLocationViewController.swift */; };
		4569BDDB2A10DD6C00D77A26 /* RMEpisodeViewController.swift in Sources */ = {isa = PBXBuildFile; fileRef = 4569BDDA2A10DD6C00D77A26 /* RMEpisodeViewController.swift */; };
		4569BDDD2A10DD7900D77A26 /* RMSettingsViewController.swift in Sources */ = {isa = PBXBuildFile; fileRef = 4569BDDC2A10DD7900D77A26 /* RMSettingsViewController.swift */; };
		4569BE2B2A11622900D77A26 /* RMService.swift in Sources */ = {isa = PBXBuildFile; fileRef = 4569BE2A2A11622900D77A26 /* RMService.swift */; };
		4569BE2D2A11624200D77A26 /* RMRequest.swift in Sources */ = {isa = PBXBuildFile; fileRef = 4569BE2C2A11624200D77A26 /* RMRequest.swift */; };
		4569BE2F2A1162F100D77A26 /* RMEndpoint.swift in Sources */ = {isa = PBXBuildFile; fileRef = 4569BE2E2A1162F100D77A26 /* RMEndpoint.swift */; };
		4569BE312A1168B800D77A26 /* RMOrigin.swift in Sources */ = {isa = PBXBuildFile; fileRef = 4569BE302A1168B800D77A26 /* RMOrigin.swift */; };
		4569BE332A11691E00D77A26 /* RMSingleLocation.swift in Sources */ = {isa = PBXBuildFile; fileRef = 4569BE322A11691E00D77A26 /* RMSingleLocation.swift */; };
		4569BE352A1169DF00D77A26 /* RMCharacterStatus.swift in Sources */ = {isa = PBXBuildFile; fileRef = 4569BE342A1169DF00D77A26 /* RMCharacterStatus.swift */; };
		4569BE372A116A2700D77A26 /* RMCharacterGender.swift in Sources */ = {isa = PBXBuildFile; fileRef = 4569BE362A116A2700D77A26 /* RMCharacterGender.swift */; };
/* End PBXBuildFile section */

/* Begin PBXFileReference section */
		4569BDB12A10DA3A00D77A26 /* RickAndMorty.app */ = {isa = PBXFileReference; explicitFileType = wrapper.application; includeInIndex = 0; path = RickAndMorty.app; sourceTree = BUILT_PRODUCTS_DIR; };
		4569BDB42A10DA3A00D77A26 /* AppDelegate.swift */ = {isa = PBXFileReference; lastKnownFileType = sourcecode.swift; path = AppDelegate.swift; sourceTree = "<group>"; };
		4569BDB62A10DA3A00D77A26 /* SceneDelegate.swift */ = {isa = PBXFileReference; lastKnownFileType = sourcecode.swift; path = SceneDelegate.swift; sourceTree = "<group>"; };
		4569BDB82A10DA3A00D77A26 /* RMTabViewController.swift */ = {isa = PBXFileReference; lastKnownFileType = sourcecode.swift; path = RMTabViewController.swift; sourceTree = "<group>"; };
		4569BDBD2A10DA3B00D77A26 /* Assets.xcassets */ = {isa = PBXFileReference; lastKnownFileType = folder.assetcatalog; path = Assets.xcassets; sourceTree = "<group>"; };
		4569BDC02A10DA3B00D77A26 /* Base */ = {isa = PBXFileReference; lastKnownFileType = file.storyboard; name = Base; path = Base.lproj/LaunchScreen.storyboard; sourceTree = "<group>"; };
		4569BDC22A10DA3B00D77A26 /* Info.plist */ = {isa = PBXFileReference; lastKnownFileType = text.plist.xml; path = Info.plist; sourceTree = "<group>"; };
		4569BDCF2A10DC6800D77A26 /* RMLocation.swift */ = {isa = PBXFileReference; lastKnownFileType = sourcecode.swift; path = RMLocation.swift; sourceTree = "<group>"; };
		4569BDD12A10DC7400D77A26 /* RMCharacter.swift */ = {isa = PBXFileReference; lastKnownFileType = sourcecode.swift; path = RMCharacter.swift; sourceTree = "<group>"; };
		4569BDD32A10DC7C00D77A26 /* RMEpisode.swift */ = {isa = PBXFileReference; lastKnownFileType = sourcecode.swift; path = RMEpisode.swift; sourceTree = "<group>"; };
		4569BDD62A10DD4200D77A26 /* RMCharacterViewController.swift */ = {isa = PBXFileReference; lastKnownFileType = sourcecode.swift; path = RMCharacterViewController.swift; sourceTree = "<group>"; };
		4569BDD82A10DD5100D77A26 /* RMLocationViewController.swift */ = {isa = PBXFileReference; lastKnownFileType = sourcecode.swift; path = RMLocationViewController.swift; sourceTree = "<group>"; };
		4569BDDA2A10DD6C00D77A26 /* RMEpisodeViewController.swift */ = {isa = PBXFileReference; lastKnownFileType = sourcecode.swift; path = RMEpisodeViewController.swift; sourceTree = "<group>"; };
		4569BDDC2A10DD7900D77A26 /* RMSettingsViewController.swift */ = {isa = PBXFileReference; lastKnownFileType = sourcecode.swift; path = RMSettingsViewController.swift; sourceTree = "<group>"; };
		4569BE2A2A11622900D77A26 /* RMService.swift */ = {isa = PBXFileReference; lastKnownFileType = sourcecode.swift; path = RMService.swift; sourceTree = "<group>"; };
		4569BE2C2A11624200D77A26 /* RMRequest.swift */ = {isa = PBXFileReference; lastKnownFileType = sourcecode.swift; path = RMRequest.swift; sourceTree = "<group>"; };
		4569BE2E2A1162F100D77A26 /* RMEndpoint.swift */ = {isa = PBXFileReference; lastKnownFileType = sourcecode.swift; path = RMEndpoint.swift; sourceTree = "<group>"; };
		4569BE302A1168B800D77A26 /* RMOrigin.swift */ = {isa = PBXFileReference; lastKnownFileType = sourcecode.swift; path = RMOrigin.swift; sourceTree = "<group>"; };
		4569BE322A11691E00D77A26 /* RMSingleLocation.swift */ = {isa = PBXFileReference; lastKnownFileType = sourcecode.swift; path = RMSingleLocation.swift; sourceTree = "<group>"; };
		4569BE342A1169DF00D77A26 /* RMCharacterStatus.swift */ = {isa = PBXFileReference; lastKnownFileType = sourcecode.swift; path = RMCharacterStatus.swift; sourceTree = "<group>"; };
		4569BE362A116A2700D77A26 /* RMCharacterGender.swift */ = {isa = PBXFileReference; lastKnownFileType = sourcecode.swift; path = RMCharacterGender.swift; sourceTree = "<group>"; };
/* End PBXFileReference section */

/* Begin PBXFrameworksBuildPhase section */
		4569BDAE2A10DA3A00D77A26 /* Frameworks */ = {
			isa = PBXFrameworksBuildPhase;
			buildActionMask = 2147483647;
			files = (
			);
			runOnlyForDeploymentPostprocessing = 0;
		};
/* End PBXFrameworksBuildPhase section */

/* Begin PBXGroup section */
		4569BDA82A10DA3A00D77A26 = {
			isa = PBXGroup;
			children = (
				4569BDB32A10DA3A00D77A26 /* RickAndMorty */,
				4569BDB22A10DA3A00D77A26 /* Products */,
			);
			sourceTree = "<group>";
		};
		4569BDB22A10DA3A00D77A26 /* Products */ = {
			isa = PBXGroup;
			children = (
				4569BDB12A10DA3A00D77A26 /* RickAndMorty.app */,
			);
			name = Products;
			sourceTree = "<group>";
		};
		4569BDB32A10DA3A00D77A26 /* RickAndMorty */ = {
			isa = PBXGroup;
			children = (
				4569BDCE2A10DBCA00D77A26 /* Resources */,
				4569BDCD2A10DBC300D77A26 /* Managers */,
				4569BDCC2A10DBBB00D77A26 /* APIClient */,
				4569BDCB2A10DBAF00D77A26 /* ViewModels */,
				4569BDCA2A10DB9D00D77A26 /* Views */,
				4569BDC92A10DB9600D77A26 /* Models */,
				4569BDC82A10DB8800D77A26 /* Controllers */,
				4569BDC22A10DA3B00D77A26 /* Info.plist */,
			);
			path = RickAndMorty;
			sourceTree = "<group>";
		};
		4569BDC82A10DB8800D77A26 /* Controllers */ = {
			isa = PBXGroup;
			children = (
				4569BDD52A10DCF500D77A26 /* Core */,
			);
			path = Controllers;
			sourceTree = "<group>";
		};
		4569BDC92A10DB9600D77A26 /* Models */ = {
			isa = PBXGroup;
			children = (
				4569BDCF2A10DC6800D77A26 /* RMLocation.swift */,
				4569BDD12A10DC7400D77A26 /* RMCharacter.swift */,
				4569BDD32A10DC7C00D77A26 /* RMEpisode.swift */,
				4569BE302A1168B800D77A26 /* RMOrigin.swift */,
				4569BE322A11691E00D77A26 /* RMSingleLocation.swift */,
				4569BE342A1169DF00D77A26 /* RMCharacterStatus.swift */,
				4569BE362A116A2700D77A26 /* RMCharacterGender.swift */,
			);
			path = Models;
			sourceTree = "<group>";
		};
		4569BDCA2A10DB9D00D77A26 /* Views */ = {
			isa = PBXGroup;
			children = (
			);
			path = Views;
			sourceTree = "<group>";
		};
		4569BDCB2A10DBAF00D77A26 /* ViewModels */ = {
			isa = PBXGroup;
			children = (
			);
			path = ViewModels;
			sourceTree = "<group>";
		};
		4569BDCC2A10DBBB00D77A26 /* APIClient */ = {
			isa = PBXGroup;
			children = (
				4569BE2A2A11622900D77A26 /* RMService.swift */,
				4569BE2C2A11624200D77A26 /* RMRequest.swift */,
				4569BE2E2A1162F100D77A26 /* RMEndpoint.swift */,
			);
			path = APIClient;
			sourceTree = "<group>";
		};
		4569BDCD2A10DBC300D77A26 /* Managers */ = {
			isa = PBXGroup;
			children = (
			);
			path = Managers;
			sourceTree = "<group>";
		};
		4569BDCE2A10DBCA00D77A26 /* Resources */ = {
			isa = PBXGroup;
			children = (
				4569BDBD2A10DA3B00D77A26 /* Assets.xcassets */,
				4569BDB42A10DA3A00D77A26 /* AppDelegate.swift */,
				4569BDB62A10DA3A00D77A26 /* SceneDelegate.swift */,
				4569BDBF2A10DA3B00D77A26 /* LaunchScreen.storyboard */,
			);
			path = Resources;
			sourceTree = "<group>";
		};
		4569BDD52A10DCF500D77A26 /* Core */ = {
			isa = PBXGroup;
			children = (
				4569BDB82A10DA3A00D77A26 /* RMTabViewController.swift */,
				4569BDD62A10DD4200D77A26 /* RMCharacterViewController.swift */,
				4569BDD82A10DD5100D77A26 /* RMLocationViewController.swift */,
				4569BDDA2A10DD6C00D77A26 /* RMEpisodeViewController.swift */,
				4569BDDC2A10DD7900D77A26 /* RMSettingsViewController.swift */,
			);
			path = Core;
			sourceTree = "<group>";
		};
/* End PBXGroup section */

/* Begin PBXNativeTarget section */
		4569BDB02A10DA3A00D77A26 /* RickAndMorty */ = {
			isa = PBXNativeTarget;
			buildConfigurationList = 4569BDC52A10DA3B00D77A26 /* Build configuration list for PBXNativeTarget "RickAndMorty" */;
			buildPhases = (
				4569BDAD2A10DA3A00D77A26 /* Sources */,
				4569BDAE2A10DA3A00D77A26 /* Frameworks */,
				4569BDAF2A10DA3A00D77A26 /* Resources */,
			);
			buildRules = (
			);
			dependencies = (
			);
			name = RickAndMorty;
			productName = RickAndMorty;
			productReference = 4569BDB12A10DA3A00D77A26 /* RickAndMorty.app */;
			productType = "com.apple.product-type.application";
		};
/* End PBXNativeTarget section */

/* Begin PBXProject section */
		4569BDA92A10DA3A00D77A26 /* Project object */ = {
			isa = PBXProject;
			attributes = {
				BuildIndependentTargetsInParallel = 1;
				LastSwiftUpdateCheck = 1420;
				LastUpgradeCheck = 1420;
				TargetAttributes = {
					4569BDB02A10DA3A00D77A26 = {
						CreatedOnToolsVersion = 14.2;
					};
				};
			};
			buildConfigurationList = 4569BDAC2A10DA3A00D77A26 /* Build configuration list for PBXProject "RickAndMorty" */;
			compatibilityVersion = "Xcode 14.0";
			developmentRegion = en;
			hasScannedForEncodings = 0;
			knownRegions = (
				en,
				Base,
			);
			mainGroup = 4569BDA82A10DA3A00D77A26;
			productRefGroup = 4569BDB22A10DA3A00D77A26 /* Products */;
			projectDirPath = "";
			projectRoot = "";
			targets = (
				4569BDB02A10DA3A00D77A26 /* RickAndMorty */,
			);
		};
/* End PBXProject section */

/* Begin PBXResourcesBuildPhase section */
		4569BDAF2A10DA3A00D77A26 /* Resources */ = {
			isa = PBXResourcesBuildPhase;
			buildActionMask = 2147483647;
			files = (
				4569BDC12A10DA3B00D77A26 /* LaunchScreen.storyboard in Resources */,
				4569BDBE2A10DA3B00D77A26 /* Assets.xcassets in Resources */,
			);
			runOnlyForDeploymentPostprocessing = 0;
		};
/* End PBXResourcesBuildPhase section */

/* Begin PBXSourcesBuildPhase section */
		4569BDAD2A10DA3A00D77A26 /* Sources */ = {
			isa = PBXSourcesBuildPhase;
			buildActionMask = 2147483647;
			files = (
				4569BE312A1168B800D77A26 /* RMOrigin.swift in Sources */,
				4569BE332A11691E00D77A26 /* RMSingleLocation.swift in Sources */,
				4569BE352A1169DF00D77A26 /* RMCharacterStatus.swift in Sources */,
				4569BE372A116A2700D77A26 /* RMCharacterGender.swift in Sources */,
				4569BDD92A10DD5100D77A26 /* RMLocationViewController.swift in Sources */,
				4569BDD42A10DC7C00D77A26 /* RMEpisode.swift in Sources */,
				4569BDB92A10DA3A00D77A26 /* RMTabViewController.swift in Sources */,
				4569BDDB2A10DD6C00D77A26 /* RMEpisodeViewController.swift in Sources */,
				4569BDB52A10DA3A00D77A26 /* AppDelegate.swift in Sources */,
				4569BDB72A10DA3A00D77A26 /* SceneDelegate.swift in Sources */,
				4569BDDD2A10DD7900D77A26 /* RMSettingsViewController.swift in Sources */,
				4569BE2B2A11622900D77A26 /* RMService.swift in Sources */,
				4569BDD02A10DC6800D77A26 /* RMLocation.swift in Sources */,
				4569BE2F2A1162F100D77A26 /* RMEndpoint.swift in Sources */,
				4569BDD22A10DC7400D77A26 /* RMCharacter.swift in Sources */,
				4569BE2D2A11624200D77A26 /* RMRequest.swift in Sources */,
				4569BDD72A10DD4200D77A26 /* RMCharacterViewController.swift in Sources */,
			);
			runOnlyForDeploymentPostprocessing = 0;
		};
/* End PBXSourcesBuildPhase section */

/* Begin PBXVariantGroup section */
		4569BDBF2A10DA3B00D77A26 /* LaunchScreen.storyboard */ = {
			isa = PBXVariantGroup;
			children = (
				4569BDC02A10DA3B00D77A26 /* Base */,
			);
			name = LaunchScreen.storyboard;
			sourceTree = "<group>";
		};
/* End PBXVariantGroup section */

/* Begin XCBuildConfiguration section */
		4569BDC32A10DA3B00D77A26 /* Debug */ = {
			isa = XCBuildConfiguration;
			buildSettings = {
				ALWAYS_SEARCH_USER_PATHS = NO;
				CLANG_ANALYZER_NONNULL = YES;
				CLANG_ANALYZER_NUMBER_OBJECT_CONVERSION = YES_AGGRESSIVE;
				CLANG_CXX_LANGUAGE_STANDARD = "gnu++20";
				CLANG_ENABLE_MODULES = YES;
				CLANG_ENABLE_OBJC_ARC = YES;
				CLANG_ENABLE_OBJC_WEAK = YES;
				CLANG_WARN_BLOCK_CAPTURE_AUTORELEASING = YES;
				CLANG_WARN_BOOL_CONVERSION = YES;
				CLANG_WARN_COMMA = YES;
				CLANG_WARN_CONSTANT_CONVERSION = YES;
				CLANG_WARN_DEPRECATED_OBJC_IMPLEMENTATIONS = YES;
				CLANG_WARN_DIRECT_OBJC_ISA_USAGE = YES_ERROR;
				CLANG_WARN_DOCUMENTATION_COMMENTS = YES;
				CLANG_WARN_EMPTY_BODY = YES;
				CLANG_WARN_ENUM_CONVERSION = YES;
				CLANG_WARN_INFINITE_RECURSION = YES;
				CLANG_WARN_INT_CONVERSION = YES;
				CLANG_WARN_NON_LITERAL_NULL_CONVERSION = YES;
				CLANG_WARN_OBJC_IMPLICIT_RETAIN_SELF = YES;
				CLANG_WARN_OBJC_LITERAL_CONVERSION = YES;
				CLANG_WARN_OBJC_ROOT_CLASS = YES_ERROR;
				CLANG_WARN_QUOTED_INCLUDE_IN_FRAMEWORK_HEADER = YES;
				CLANG_WARN_RANGE_LOOP_ANALYSIS = YES;
				CLANG_WARN_STRICT_PROTOTYPES = YES;
				CLANG_WARN_SUSPICIOUS_MOVE = YES;
				CLANG_WARN_UNGUARDED_AVAILABILITY = YES_AGGRESSIVE;
				CLANG_WARN_UNREACHABLE_CODE = YES;
				CLANG_WARN__DUPLICATE_METHOD_MATCH = YES;
				COPY_PHASE_STRIP = NO;
				DEBUG_INFORMATION_FORMAT = dwarf;
				ENABLE_STRICT_OBJC_MSGSEND = YES;
				ENABLE_TESTABILITY = YES;
				GCC_C_LANGUAGE_STANDARD = gnu11;
				GCC_DYNAMIC_NO_PIC = NO;
				GCC_NO_COMMON_BLOCKS = YES;
				GCC_OPTIMIZATION_LEVEL = 0;
				GCC_PREPROCESSOR_DEFINITIONS = (
					"DEBUG=1",
					"$(inherited)",
				);
				GCC_WARN_64_TO_32_BIT_CONVERSION = YES;
				GCC_WARN_ABOUT_RETURN_TYPE = YES_ERROR;
				GCC_WARN_UNDECLARED_SELECTOR = YES;
				GCC_WARN_UNINITIALIZED_AUTOS = YES_AGGRESSIVE;
				GCC_WARN_UNUSED_FUNCTION = YES;
				GCC_WARN_UNUSED_VARIABLE = YES;
				IPHONEOS_DEPLOYMENT_TARGET = 16.2;
				MTL_ENABLE_DEBUG_INFO = INCLUDE_SOURCE;
				MTL_FAST_MATH = YES;
				ONLY_ACTIVE_ARCH = YES;
				SDKROOT = iphoneos;
				SWIFT_ACTIVE_COMPILATION_CONDITIONS = DEBUG;
				SWIFT_OPTIMIZATION_LEVEL = "-Onone";
			};
			name = Debug;
		};
		4569BDC42A10DA3B00D77A26 /* Release */ = {
			isa = XCBuildConfiguration;
			buildSettings = {
				ALWAYS_SEARCH_USER_PATHS = NO;
				CLANG_ANALYZER_NONNULL = YES;
				CLANG_ANALYZER_NUMBER_OBJECT_CONVERSION = YES_AGGRESSIVE;
				CLANG_CXX_LANGUAGE_STANDARD = "gnu++20";
				CLANG_ENABLE_MODULES = YES;
				CLANG_ENABLE_OBJC_ARC = YES;
				CLANG_ENABLE_OBJC_WEAK = YES;
				CLANG_WARN_BLOCK_CAPTURE_AUTORELEASING = YES;
				CLANG_WARN_BOOL_CONVERSION = YES;
				CLANG_WARN_COMMA = YES;
				CLANG_WARN_CONSTANT_CONVERSION = YES;
				CLANG_WARN_DEPRECATED_OBJC_IMPLEMENTATIONS = YES;
				CLANG_WARN_DIRECT_OBJC_ISA_USAGE = YES_ERROR;
				CLANG_WARN_DOCUMENTATION_COMMENTS = YES;
				CLANG_WARN_EMPTY_BODY = YES;
				CLANG_WARN_ENUM_CONVERSION = YES;
				CLANG_WARN_INFINITE_RECURSION = YES;
				CLANG_WARN_INT_CONVERSION = YES;
				CLANG_WARN_NON_LITERAL_NULL_CONVERSION = YES;
				CLANG_WARN_OBJC_IMPLICIT_RETAIN_SELF = YES;
				CLANG_WARN_OBJC_LITERAL_CONVERSION = YES;
				CLANG_WARN_OBJC_ROOT_CLASS = YES_ERROR;
				CLANG_WARN_QUOTED_INCLUDE_IN_FRAMEWORK_HEADER = YES;
				CLANG_WARN_RANGE_LOOP_ANALYSIS = YES;
				CLANG_WARN_STRICT_PROTOTYPES = YES;
				CLANG_WARN_SUSPICIOUS_MOVE = YES;
				CLANG_WARN_UNGUARDED_AVAILABILITY = YES_AGGRESSIVE;
				CLANG_WARN_UNREACHABLE_CODE = YES;
				CLANG_WARN__DUPLICATE_METHOD_MATCH = YES;
				COPY_PHASE_STRIP = NO;
				DEBUG_INFORMATION_FORMAT = "dwarf-with-dsym";
				ENABLE_NS_ASSERTIONS = NO;
				ENABLE_STRICT_OBJC_MSGSEND = YES;
				GCC_C_LANGUAGE_STANDARD = gnu11;
				GCC_NO_COMMON_BLOCKS = YES;
				GCC_WARN_64_TO_32_BIT_CONVERSION = YES;
				GCC_WARN_ABOUT_RETURN_TYPE = YES_ERROR;
				GCC_WARN_UNDECLARED_SELECTOR = YES;
				GCC_WARN_UNINITIALIZED_AUTOS = YES_AGGRESSIVE;
				GCC_WARN_UNUSED_FUNCTION = YES;
				GCC_WARN_UNUSED_VARIABLE = YES;
				IPHONEOS_DEPLOYMENT_TARGET = 16.2;
				MTL_ENABLE_DEBUG_INFO = NO;
				MTL_FAST_MATH = YES;
				SDKROOT = iphoneos;
				SWIFT_COMPILATION_MODE = wholemodule;
				SWIFT_OPTIMIZATION_LEVEL = "-O";
				VALIDATE_PRODUCT = YES;
			};
			name = Release;
		};
		4569BDC62A10DA3B00D77A26 /* Debug */ = {
			isa = XCBuildConfiguration;
			buildSettings = {
				ASSETCATALOG_COMPILER_APPICON_NAME = AppIcon;
				ASSETCATALOG_COMPILER_GLOBAL_ACCENT_COLOR_NAME = AccentColor;
				CODE_SIGN_STYLE = Automatic;
				CURRENT_PROJECT_VERSION = 1;
				DEVELOPMENT_TEAM = N4Z5HWTY32;
				GENERATE_INFOPLIST_FILE = YES;
				INFOPLIST_FILE = RickAndMorty/Info.plist;
				INFOPLIST_KEY_UIApplicationSupportsIndirectInputEvents = YES;
				INFOPLIST_KEY_UILaunchStoryboardName = LaunchScreen;
				INFOPLIST_KEY_UISupportedInterfaceOrientations_iPad = "UIInterfaceOrientationPortrait UIInterfaceOrientationPortraitUpsideDown UIInterfaceOrientationLandscapeLeft UIInterfaceOrientationLandscapeRight";
				INFOPLIST_KEY_UISupportedInterfaceOrientations_iPhone = "UIInterfaceOrientationPortrait UIInterfaceOrientationLandscapeLeft UIInterfaceOrientationLandscapeRight";
				LD_RUNPATH_SEARCH_PATHS = (
					"$(inherited)",
					"@executable_path/Frameworks",
				);
				MARKETING_VERSION = 1.0;
				PRODUCT_BUNDLE_IDENTIFIER = com.oasjs.RickAndMorty;
				PRODUCT_NAME = "$(TARGET_NAME)";
				SWIFT_EMIT_LOC_STRINGS = YES;
				SWIFT_VERSION = 5.0;
				TARGETED_DEVICE_FAMILY = "1,2";
			};
			name = Debug;
		};
		4569BDC72A10DA3B00D77A26 /* Release */ = {
			isa = XCBuildConfiguration;
			buildSettings = {
				ASSETCATALOG_COMPILER_APPICON_NAME = AppIcon;
				ASSETCATALOG_COMPILER_GLOBAL_ACCENT_COLOR_NAME = AccentColor;
				CODE_SIGN_STYLE = Automatic;
				CURRENT_PROJECT_VERSION = 1;
				DEVELOPMENT_TEAM = N4Z5HWTY32;
				GENERATE_INFOPLIST_FILE = YES;
				INFOPLIST_FILE = RickAndMorty/Info.plist;
				INFOPLIST_KEY_UIApplicationSupportsIndirectInputEvents = YES;
				INFOPLIST_KEY_UILaunchStoryboardName = LaunchScreen;
				INFOPLIST_KEY_UISupportedInterfaceOrientations_iPad = "UIInterfaceOrientationPortrait UIInterfaceOrientationPortraitUpsideDown UIInterfaceOrientationLandscapeLeft UIInterfaceOrientationLandscapeRight";
				INFOPLIST_KEY_UISupportedInterfaceOrientations_iPhone = "UIInterfaceOrientationPortrait UIInterfaceOrientationLandscapeLeft UIInterfaceOrientationLandscapeRight";
				LD_RUNPATH_SEARCH_PATHS = (
					"$(inherited)",
					"@executable_path/Frameworks",
				);
				MARKETING_VERSION = 1.0;
				PRODUCT_BUNDLE_IDENTIFIER = com.oasjs.RickAndMorty;
				PRODUCT_NAME = "$(TARGET_NAME)";
				SWIFT_EMIT_LOC_STRINGS = YES;
				SWIFT_VERSION = 5.0;
				TARGETED_DEVICE_FAMILY = "1,2";
			};
			name = Release;
		};
/* End XCBuildConfiguration section */

/* Begin XCConfigurationList section */
		4569BDAC2A10DA3A00D77A26 /* Build configuration list for PBXProject "RickAndMorty" */ = {
			isa = XCConfigurationList;
			buildConfigurations = (
				4569BDC32A10DA3B00D77A26 /* Debug */,
				4569BDC42A10DA3B00D77A26 /* Release */,
			);
			defaultConfigurationIsVisible = 0;
			defaultConfigurationName = Release;
		};
		4569BDC52A10DA3B00D77A26 /* Build configuration list for PBXNativeTarget "RickAndMorty" */ = {
			isa = XCConfigurationList;
			buildConfigurations = (
				4569BDC62A10DA3B00D77A26 /* Debug */,
				4569BDC72A10DA3B00D77A26 /* Release */,
			);
			defaultConfigurationIsVisible = 0;
			defaultConfigurationName = Release;
		};
/* End XCConfigurationList section */
	};
	rootObject = 4569BDA92A10DA3A00D77A26 /* Project object */;
}
